
Microsoft Visual Studio Solution File, Format Version 12.00
# Visual Studio Version 17
VisualStudioVersion = 17.14.36221.1 d17.14
MinimumVisualStudioVersion = 10.0.40219.1
Project("{54A90642-561A-4BB1-A94E-469ADEE60C69}") = "moviereservation.client", "moviereservation.client\moviereservation.client.esproj", "{7863EA1A-0321-4109-9FCD-91314E3CAF9E}"
EndProject
Project("{FAE04EC0-301F-11D3-BF4B-00C04F79EFBC}") = "MovieReservation.Server", "MovieReservation.Server\MovieReservation.Server.csproj", "{8875415A-2443-4894-B1CE-68C77CBFC4F2}"
EndProject
Global
	GlobalSection(SolutionConfigurationPlatforms) = preSolution
		Debug|Any CPU = Debug|Any CPU
		Release|Any CPU = Release|Any CPU
	EndGlobalSection
	GlobalSection(ProjectConfigurationPlatforms) = postSolution
		{7863EA1A-0321-4109-9FCD-91314E3CAF9E}.Debug|Any CPU.ActiveCfg = Debug|Any CPU
		{7863EA1A-0321-4109-9FCD-91314E3CAF9E}.Debug|Any CPU.Build.0 = Debug|Any CPU
		{7863EA1A-0321-4109-9FCD-91314E3CAF9E}.Debug|Any CPU.Deploy.0 = Debug|Any CPU
		{7863EA1A-0321-4109-9FCD-91314E3CAF9E}.Release|Any CPU.ActiveCfg = Release|Any CPU
		{7863EA1A-0321-4109-9FCD-91314E3CAF9E}.Release|Any CPU.Build.0 = Release|Any CPU
		{7863EA1A-0321-4109-9FCD-91314E3CAF9E}.Release|Any CPU.Deploy.0 = Release|Any CPU
		{8875415A-2443-4894-B1CE-68C77CBFC4F2}.Debug|Any CPU.ActiveCfg = Debug|Any CPU
		{8875415A-2443-4894-B1CE-68C77CBFC4F2}.Debug|Any CPU.Build.0 = Debug|Any CPU
		{8875415A-2443-4894-B1CE-68C77CBFC4F2}.Release|Any CPU.ActiveCfg = Release|Any CPU
		{8875415A-2443-4894-B1CE-68C77CBFC4F2}.Release|Any CPU.Build.0 = Release|Any CPU
	EndGlobalSection
	GlobalSection(SolutionProperties) = preSolution
		HideSolutionNode = FALSE
	EndGlobalSection
	GlobalSection(ExtensibilityGlobals) = postSolution
		SolutionGuid = {D10007D1-B632-46DF-AD40-0A8D4DBC304A}
	EndGlobalSection
EndGlobal
